{
  "version": 4,
  "terraform_version": "1.12.0",
  "serial": 4,
  "lineage": "28de89be-6e81-2b8e-d401-815d54a959bf",
  "outputs": {
    "cluster_name": {
      "value": "chatbot-cluster",
      "type": "string"
    },
    "kubeconfig_command": {
      "value": "gcloud container clusters get-credentials chatbot-cluster --zone us-central1-a --project mystic-castle-460413-g6",
      "type": "string"
    }
  },
  "resources": [
    {
      "mode": "managed",
      "type": "google_container_cluster",
      "name": "primary",
      "provider": "provider[\"registry.terraform.io/hashicorp/google\"]",
      "instances": [
        {
          "schema_version": 2,
          "attributes": {
            "addons_config": [
              {
                "cloudrun_config": [],
                "config_connector_config": [],
                "dns_cache_config": [],
                "gce_persistent_disk_csi_driver_config": [
                  {
                    "enabled": true
                  }
                ],
                "gcp_filestore_csi_driver_config": [],
                "gcs_fuse_csi_driver_config": [],
                "gke_backup_agent_config": [],
                "horizontal_pod_autoscaling": [],
                "http_load_balancing": [],
                "network_policy_config": [
                  {
                    "disabled": true
                  }
                ],
                "ray_operator_config": [],
                "stateful_ha_config": []
              }
            ],
            "allow_net_admin": null,
            "authenticator_groups_config": [],
            "binary_authorization": [
              {
                "enabled": false,
                "evaluation_mode": ""
              }
            ],
            "cluster_autoscaling": [
              {
                "auto_provisioning_defaults": [],
                "auto_provisioning_locations": [],
                "autoscaling_profile": "BALANCED",
                "enabled": false,
                "resource_limits": []
              }
            ],
            "cluster_ipv4_cidr": "10.68.0.0/14",
            "confidential_nodes": [],
            "cost_management_config": [],
            "database_encryption": [
              {
                "key_name": "",
                "state": "DECRYPTED"
              }
            ],
            "datapath_provider": "",
            "default_max_pods_per_node": 110,
            "default_snat_status": [
              {
                "disabled": false
              }
            ],
            "deletion_protection": true,
            "description": "",
            "dns_config": [],
            "enable_autopilot": false,
            "enable_cilium_clusterwide_network_policy": false,
            "enable_intranode_visibility": false,
            "enable_k8s_beta_apis": [],
            "enable_kubernetes_alpha": false,
            "enable_l4_ilb_subsetting": false,
            "enable_legacy_abac": false,
            "enable_multi_networking": false,
            "enable_shielded_nodes": true,
            "enable_tpu": false,
            "endpoint": "34.10.149.14",
            "fleet": [],
            "gateway_api_config": [],
            "id": "projects/mystic-castle-460413-g6/locations/us-central1/clusters/chatbot-cluster",
            "identity_service_config": [],
            "initial_node_count": 1,
            "ip_allocation_policy": [
              {
                "additional_pod_ranges_config": [],
                "cluster_ipv4_cidr_block": "10.68.0.0/14",
                "cluster_secondary_range_name": "gke-chatbot-cluster-pods-ad5b6f66",
                "pod_cidr_overprovision_config": [
                  {
                    "disabled": false
                  }
                ],
                "services_ipv4_cidr_block": "34.118.224.0/20",
                "services_secondary_range_name": "",
                "stack_type": "IPV4"
              }
            ],
            "label_fingerprint": "a9dc16a7",
            "location": "us-central1",
            "logging_config": [
              {
                "enable_components": [
                  "SYSTEM_COMPONENTS",
                  "WORKLOADS"
                ]
              }
            ],
            "logging_service": "logging.googleapis.com/kubernetes",
            "maintenance_policy": [],
            "master_auth": [
              {
                "client_certificate": "",
                "client_certificate_config": [
                  {
                    "issue_client_certificate": false
                  }
                ],
                "client_key": "",
                "cluster_ca_certificate": "LS0tLS1CRUdJTiBDRVJUSUZJQ0FURS0tLS0tCk1JSUVMVENDQXBXZ0F3SUJBZ0lSQUtiUE1FbzgxNkZyZEhlZm9heGFXT1l3RFFZSktvWklodmNOQVFFTEJRQXcKTHpFdE1Dc0dBMVVFQXhNa01qSTFaak16TldJdE9ERTFaaTAwWWpFMUxXSm1OVEV0TVdGbVlqazNOall5TnpkagpNQ0FYRFRJMU1EVXlNekV6TURBeE1sb1lEekl3TlRVd05URTJNVFF3TURFeVdqQXZNUzB3S3dZRFZRUURFeVF5Ck1qVm1Nek0xWWkwNE1UVm1MVFJpTVRVdFltWTFNUzB4WVdaaU9UYzJOakkzTjJNd2dnR2lNQTBHQ1NxR1NJYjMKRFFFQkFRVUFBNElCandBd2dnR0tBb0lCZ1FDNG1EYk9XY2hEVW13TVpaY2paNDd3ZlF3cit2TFZIdlNDc0IvbQpFQ21QT0ZYM1VsSENDRW9lejl0eWQvWFdMb0FPUHdVTDNmaFNiSlJ1Q1pQVTd5YUJYY1NPMUFnaWIzVWsyUDhKCnZ2TjNDcm9OOVl0a3pESGJyb3ZJeStWN3NyUHZSRW8wa2VBeWJZV0NveXp5NHFZOUNlN0xqdzhNVWt5L09iOFEKYnFjRU5WeUFBbDVYU0FNcGNBQjhHbkhnZlVFZFRTeG5nTWlVaTk5UkFXY0V4RFZmRU9QcTFUNS95V1AwcjJWZApJZ05XNVM1OVVHc0QrUGdxNjBta0VLQW9HM1JqR21vWnhORVNMUGxJU0Y4OCtMb1NyNmJoeGQrakdLVHZFK3RtCnBaNHJFRU13UFFSM0tOWFl4ZFFhNi92Q3NOVmdWQllqOW9mWDVqZXZNTFJrUG41VXQwbmpGV3lWL2M1OVJWeVkKcXk5bmNKNXowdXlCZHNqZG9iZGpLT2txTzY3d1hXRVFPdWpSdnFBZzhMTlJna1UxQURUdXAvK2pOaXlKSVZ5cgo3NnNjSEZseFlKSFZSMUxrNy9zMGtQQndGTnJaTWZGRVNWM00wSDdFVStWaG5mbmFaNmp1THF5WVhUcldZa0w4Cmlaa1h1amdIZkcwbFFVQzZtbXJkTXdMY3FnOENBd0VBQWFOQ01FQXdEZ1lEVlIwUEFRSC9CQVFEQWdJRU1BOEcKQTFVZEV3RUIvd1FGTUFNQkFmOHdIUVlEVlIwT0JCWUVGSiswQ2QyUXoxeEdwOHpGeEk0M01IZktRRXRETUEwRwpDU3FHU0liM0RRRUJDd1VBQTRJQmdRQmpWUXdqRW1GVi9Pd3g5M09sUnljcnBqa3VNVEw1SnVoWWNXZFZXVHkrCit1UzRHMlc2alNXS2JhNGx0eHJJY1dRbGROSlYzMXljUWlFcldPb1JlRGpHaDJERzQ1RG5ZOThoaENvL2U5QkQKSWJpUUhqOTk2YzR5VGNLbmZmRnhRS0FrTzZnUHhpTlVKT0JKYWljTmI2aE9CWTZablRPSUZXNnQxVFJTVFhiYgpuODRZQWVTUG5oTTAxM01yTnM1a1VRRkljMFdPZ1g1M0hMSFVCWWt6QW8ySjR5eHJjcCtMbjlrVkZ2Z2s3UXJUCnVBYStSMEEzRWRtTmlYMFJWSGJDL2VIK0J6REU3bTQ2ZjlDK0Q4b2poZVZvQlA3d2VMaXlsQ01GV2JvM0Y3TmsKZEJaTU9Hb3NmSUNablVRT09JOURiUEtaMHI0b3ZCR1JBMG9DcDlqMDFMN3dUc1kyMVM1cHUrQWM2eU5UM0h0VQpSaDgxL2Q5WDgySzRySS9pa0xGWnhyaXB3VnBVTUs2em40VmgrWCtWM2cxanhCNTZOUlBrUmQ0L2JWUEJlZ1V5CmpMSDlYSkhKS1o5UmxtaHJ0SjBqRTV6czNpQlJnR1NiYW82b0hQdTBxVENyZGgzS1A1L0hZUzZqZUFjaGR2TngKUGdmMlh0b2RtUHlWVlpSY0I1YjVZcFE9Ci0tLS0tRU5EIENFUlRJRklDQVRFLS0tLS0K"
              }
            ],
            "master_authorized_networks_config": [],
            "master_version": "1.32.3-gke.1785003",
            "mesh_certificates": [],
            "min_master_version": null,
            "monitoring_config": [
              {
                "advanced_datapath_observability_config": [
                  {
                    "enable_metrics": false,
                    "enable_relay": false,
                    "relay_mode": "DISABLED"
                  }
                ],
                "enable_components": [
                  "SYSTEM_COMPONENTS",
                  "HPA",
                  "POD",
                  "DAEMONSET",
                  "DEPLOYMENT",
                  "STATEFULSET",
                  "JOBSET",
                  "STORAGE",
                  "CADVISOR",
                  "KUBELET",
                  "DCGM"
                ],
                "managed_prometheus": [
                  {
                    "enabled": true
                  }
                ]
              }
            ],
            "monitoring_service": "monitoring.googleapis.com/kubernetes",
            "name": "chatbot-cluster",
            "network": "projects/mystic-castle-460413-g6/global/networks/default",
            "network_policy": [
              {
                "enabled": false,
                "provider": "PROVIDER_UNSPECIFIED"
              }
            ],
            "networking_mode": "VPC_NATIVE",
            "node_config": [],
            "node_locations": [
              "us-central1-a",
              "us-central1-b",
              "us-central1-c"
            ],
            "node_pool": [],
            "node_pool_auto_config": [
              {
                "network_tags": [],
                "node_kubelet_config": [
                  {
                    "insecure_kubelet_readonly_port_enabled": "FALSE"
                  }
                ],
                "resource_manager_tags": {}
              }
            ],
            "node_pool_defaults": [
              {
                "node_config_defaults": [
                  {
                    "containerd_config": [],
                    "insecure_kubelet_readonly_port_enabled": "FALSE",
                    "logging_variant": "DEFAULT"
                  }
                ]
              }
            ],
            "node_version": "1.32.3-gke.1785003",
            "notification_config": [
              {
                "pubsub": [
                  {
                    "enabled": false,
                    "filter": [],
                    "topic": ""
                  }
                ]
              }
            ],
            "operation": null,
            "private_cluster_config": [
              {
                "enable_private_endpoint": false,
                "enable_private_nodes": false,
                "master_global_access_config": [
                  {
                    "enabled": false
                  }
                ],
                "master_ipv4_cidr_block": "",
                "peering_name": "",
                "private_endpoint": "10.128.0.2",
                "private_endpoint_subnetwork": "",
                "public_endpoint": "34.10.149.14"
              }
            ],
            "private_ipv6_google_access": "",
            "project": "mystic-castle-460413-g6",
            "release_channel": [
              {
                "channel": "REGULAR"
              }
            ],
            "remove_default_node_pool": true,
            "resource_labels": null,
            "resource_usage_export_config": [],
            "security_posture_config": [
              {
                "mode": "BASIC",
                "vulnerability_mode": "VULNERABILITY_MODE_UNSPECIFIED"
              }
            ],
            "self_link": "https://container.googleapis.com/v1/projects/mystic-castle-460413-g6/locations/us-central1/clusters/chatbot-cluster",
            "service_external_ips_config": [
              {
                "enabled": false
              }
            ],
            "services_ipv4_cidr": "34.118.224.0/20",
            "subnetwork": "projects/mystic-castle-460413-g6/regions/us-central1/subnetworks/default",
            "timeouts": null,
            "tpu_ipv4_cidr_block": "",
            "vertical_pod_autoscaling": [],
            "workload_identity_config": []
          },
          "sensitive_attributes": [
            [
              {
                "type": "get_attr",
                "value": "master_auth"
              },
              {
                "type": "index",
                "value": {
                  "value": 0,
                  "type": "number"
                }
              },
              {
                "type": "get_attr",
                "value": "client_key"
              }
            ]
          ],
          "identity_schema_version": 0,
          "private": "eyJlMmJmYjczMC1lY2FhLTExZTYtOGY4OC0zNDM2M2JjN2M0YzAiOnsiY3JlYXRlIjoyNDAwMDAwMDAwMDAwLCJkZWxldGUiOjI0MDAwMDAwMDAwMDAsInJlYWQiOjI0MDAwMDAwMDAwMDAsInVwZGF0ZSI6MzYwMDAwMDAwMDAwMH0sInNjaGVtYV92ZXJzaW9uIjoiMiJ9"
        }
      ]
    },
    {
      "mode": "managed",
      "type": "google_container_node_pool",
      "name": "primary_nodes",
      "provider": "provider[\"registry.terraform.io/hashicorp/google\"]",
      "instances": [
        {
          "schema_version": 1,
          "attributes": {
            "autoscaling": [],
            "cluster": "chatbot-cluster",
            "id": "projects/mystic-castle-460413-g6/locations/us-central1/clusters/chatbot-cluster/nodePools/node-pool",
            "initial_node_count": 1,
            "instance_group_urls": [
              "https://www.googleapis.com/compute/v1/projects/mystic-castle-460413-g6/zones/us-central1-b/instanceGroupManagers/gke-chatbot-cluster-node-pool-29865644-grp",
              "https://www.googleapis.com/compute/v1/projects/mystic-castle-460413-g6/zones/us-central1-c/instanceGroupManagers/gke-chatbot-cluster-node-pool-da5c1378-grp",
              "https://www.googleapis.com/compute/v1/projects/mystic-castle-460413-g6/zones/us-central1-a/instanceGroupManagers/gke-chatbot-cluster-node-pool-31b82cc6-grp"
            ],
            "location": "us-central1",
            "managed_instance_group_urls": [
              "https://www.googleapis.com/compute/v1/projects/mystic-castle-460413-g6/zones/us-central1-b/instanceGroups/gke-chatbot-cluster-node-pool-29865644-grp",
              "https://www.googleapis.com/compute/v1/projects/mystic-castle-460413-g6/zones/us-central1-c/instanceGroups/gke-chatbot-cluster-node-pool-da5c1378-grp",
              "https://www.googleapis.com/compute/v1/projects/mystic-castle-460413-g6/zones/us-central1-a/instanceGroups/gke-chatbot-cluster-node-pool-31b82cc6-grp"
            ],
            "management": [
              {
                "auto_repair": true,
                "auto_upgrade": true
              }
            ],
            "max_pods_per_node": 110,
            "name": "node-pool",
            "name_prefix": "",
            "network_config": [
              {
                "additional_node_network_configs": [],
                "additional_pod_network_configs": [],
                "create_pod_range": false,
                "enable_private_nodes": false,
                "network_performance_config": [],
                "pod_cidr_overprovision_config": [],
                "pod_ipv4_cidr_block": "10.68.0.0/14",
                "pod_range": "gke-chatbot-cluster-pods-ad5b6f66"
              }
            ],
            "node_config": [
              {
                "advanced_machine_features": [],
                "boot_disk_kms_key": "",
                "confidential_nodes": [],
                "containerd_config": [],
                "disk_size_gb": 100,
                "disk_type": "pd-balanced",
                "effective_taints": [],
                "enable_confidential_storage": false,
                "ephemeral_storage_local_ssd_config": [],
                "fast_socket": [],
                "gcfs_config": [],
                "guest_accelerator": [],
                "gvnic": [],
                "host_maintenance_policy": [],
                "image_type": "COS_CONTAINERD",
                "kubelet_config": [
                  {
                    "cpu_cfs_quota": false,
                    "cpu_cfs_quota_period": "",
                    "cpu_manager_policy": "",
                    "insecure_kubelet_readonly_port_enabled": "FALSE",
                    "pod_pids_limit": 0
                  }
                ],
                "labels": {},
                "linux_node_config": [],
                "local_nvme_ssd_block_config": [],
                "local_ssd_count": 0,
                "logging_variant": "DEFAULT",
                "machine_type": "e2-medium",
                "metadata": {
                  "disable-legacy-endpoints": "true"
                },
                "min_cpu_platform": "",
                "node_group": "",
                "oauth_scopes": [
                  "https://www.googleapis.com/auth/cloud-platform"
                ],
                "preemptible": false,
                "reservation_affinity": [],
                "resource_labels": {
                  "goog-gke-node-pool-provisioning-model": "on-demand"
                },
                "resource_manager_tags": null,
                "secondary_boot_disks": [],
                "service_account": "default",
                "shielded_instance_config": [
                  {
                    "enable_integrity_monitoring": true,
                    "enable_secure_boot": false
                  }
                ],
                "sole_tenant_config": [],
                "spot": false,
                "tags": null,
                "taint": [],
                "workload_metadata_config": []
              }
            ],
            "node_count": 1,
            "node_locations": [
              "us-central1-a",
              "us-central1-b",
              "us-central1-c"
            ],
            "operation": null,
            "placement_policy": [],
            "project": "mystic-castle-460413-g6",
            "queued_provisioning": [],
            "timeouts": null,
            "upgrade_settings": [
              {
                "blue_green_settings": [],
                "max_surge": 1,
                "max_unavailable": 0,
                "strategy": "SURGE"
              }
            ],
            "version": "1.32.3-gke.1785003"
          },
          "sensitive_attributes": [],
          "identity_schema_version": 0,
          "private": "eyJlMmJmYjczMC1lY2FhLTExZTYtOGY4OC0zNDM2M2JjN2M0YzAiOnsiY3JlYXRlIjoxODAwMDAwMDAwMDAwLCJkZWxldGUiOjE4MDAwMDAwMDAwMDAsInVwZGF0ZSI6MTgwMDAwMDAwMDAwMH0sInNjaGVtYV92ZXJzaW9uIjoiMSJ9",
          "dependencies": [
            "google_container_cluster.primary"
          ]
        }
      ]
    }
  ],
  "check_results": null
}
